
Microsoft Visual Studio Solution File, Format Version 12.00
# Visual Studio Version 17
VisualStudioVersion = 17.9.34902.65
MinimumVisualStudioVersion = 10.0.40219.1
Project("{9A19103F-16F7-4668-BE54-9A1E7A4F7556}") = "StargateAPI", "StargateAPI.csproj", "{F4A9A9D8-F873-4016-A4D3-C78DE2970FEA}"
EndProject
Project("{FAE04EC0-301F-11D3-BF4B-00C04F79EFBC}") = "Stargate.UnitTest", "Stargate.UnitTest\Stargate.UnitTest.csproj", "{2A7EA613-DEDE-4BA0-B1D8-AD7AD4C9715B}"
EndProject
Global
	GlobalSection(SolutionConfigurationPlatforms) = preSolution
		Debug|Any CPU = Debug|Any CPU
		Release|Any CPU = Release|Any CPU
	EndGlobalSection
	GlobalSection(ProjectConfigurationPlatforms) = postSolution
		{F4A9A9D8-F873-4016-A4D3-C78DE2970FEA}.Debug|Any CPU.ActiveCfg = Debug|Any CPU
		{F4A9A9D8-F873-4016-A4D3-C78DE2970FEA}.Debug|Any CPU.Build.0 = Debug|Any CPU
		{F4A9A9D8-F873-4016-A4D3-C78DE2970FEA}.Release|Any CPU.ActiveCfg = Release|Any CPU
		{F4A9A9D8-F873-4016-A4D3-C78DE2970FEA}.Release|Any CPU.Build.0 = Release|Any CPU
		{2A7EA613-DEDE-4BA0-B1D8-AD7AD4C9715B}.Debug|Any CPU.ActiveCfg = Debug|Any CPU
		{2A7EA613-DEDE-4BA0-B1D8-AD7AD4C9715B}.Debug|Any CPU.Build.0 = Debug|Any CPU
		{2A7EA613-DEDE-4BA0-B1D8-AD7AD4C9715B}.Release|Any CPU.ActiveCfg = Release|Any CPU
		{2A7EA613-DEDE-4BA0-B1D8-AD7AD4C9715B}.Release|Any CPU.Build.0 = Release|Any CPU
	EndGlobalSection
	GlobalSection(SolutionProperties) = preSolution
		HideSolutionNode = FALSE
	EndGlobalSection
	GlobalSection(ExtensibilityGlobals) = postSolution
		SolutionGuid = {AB8D53EF-037E-4D79-BBB0-75EF99A66E4A}
	EndGlobalSection
EndGlobal
